
Microsoft Visual Studio Solution File, Format Version 12.00
# Visual Studio Version 17
VisualStudioVersion = 17.0.32112.339
MinimumVisualStudioVersion = 10.0.40219.1
Project("{FAE04EC0-301F-11D3-BF4B-00C04F79EFBC}") = "Operacion3", "Operacion3\Operacion3.csproj", "{1BBF7A17-33E8-46EC-8117-847D6FC6851A}"
EndProject
Global
	GlobalSection(SolutionConfigurationPlatforms) = preSolution
		Debug|Any CPU = Debug|Any CPU
		Release|Any CPU = Release|Any CPU
	EndGlobalSection
	GlobalSection(ProjectConfigurationPlatforms) = postSolution
		{1BBF7A17-33E8-46EC-8117-847D6FC6851A}.Debug|Any CPU.ActiveCfg = Debug|Any CPU
		{1BBF7A17-33E8-46EC-8117-847D6FC6851A}.Debug|Any CPU.Build.0 = Debug|Any CPU
		{1BBF7A17-33E8-46EC-8117-847D6FC6851A}.Release|Any CPU.ActiveCfg = Release|Any CPU
		{1BBF7A17-33E8-46EC-8117-847D6FC6851A}.Release|Any CPU.Build.0 = Release|Any CPU
	EndGlobalSection
	GlobalSection(SolutionProperties) = preSolution
		HideSolutionNode = FALSE
	EndGlobalSection
	GlobalSection(ExtensibilityGlobals) = postSolution
		SolutionGuid = {3179DA5F-AC05-4365-9118-EE99945762DA}
	EndGlobalSection
EndGlobal
